
Microsoft Visual Studio Solution File, Format Version 12.00
# Visual Studio 15
VisualStudioVersion = 15.0.27428.2011
MinimumVisualStudioVersion = 10.0.40219.1
Project("{9A19103F-16F7-4668-BE54-9A1E7A4F7556}") = "TNDStudios.Web", "TNDStudios.Web\TNDStudios.Web.csproj", "{68587347-A1DD-4ACF-AB01-8F8393889B91}"
EndProject
Project("{9A19103F-16F7-4668-BE54-9A1E7A4F7556}") = "TNDStudios.Blogs", "TNDStudios.Blogs\TNDStudios.Blogs.csproj", "{9DA97D96-03B0-4E3F-A60F-38B4FC3C09BE}"
EndProject
Project("{9A19103F-16F7-4668-BE54-9A1E7A4F7556}") = "TNDStudios.Blogs.Test", "TNDStudios.Blogs.Test\TNDStudios.Blogs.Test.csproj", "{DC9E8205-9433-4877-ACE0-491CABDC241E}"
EndProject
Project("{9A19103F-16F7-4668-BE54-9A1E7A4F7556}") = "TNDStudios.ScratchPad", "TNDStudios.ScratchPad\TNDStudios.ScratchPad.csproj", "{6BB47F84-70FB-4B04-9A6D-6A3407AC3C91}"
EndProject
Global
	GlobalSection(SolutionConfigurationPlatforms) = preSolution
		Debug|Any CPU = Debug|Any CPU
		Release|Any CPU = Release|Any CPU
	EndGlobalSection
	GlobalSection(ProjectConfigurationPlatforms) = postSolution
		{68587347-A1DD-4ACF-AB01-8F8393889B91}.Debug|Any CPU.ActiveCfg = Debug|Any CPU
		{68587347-A1DD-4ACF-AB01-8F8393889B91}.Debug|Any CPU.Build.0 = Debug|Any CPU
		{68587347-A1DD-4ACF-AB01-8F8393889B91}.Release|Any CPU.ActiveCfg = Release|Any CPU
		{68587347-A1DD-4ACF-AB01-8F8393889B91}.Release|Any CPU.Build.0 = Release|Any CPU
		{9DA97D96-03B0-4E3F-A60F-38B4FC3C09BE}.Debug|Any CPU.ActiveCfg = Debug|Any CPU
		{9DA97D96-03B0-4E3F-A60F-38B4FC3C09BE}.Debug|Any CPU.Build.0 = Debug|Any CPU
		{9DA97D96-03B0-4E3F-A60F-38B4FC3C09BE}.Release|Any CPU.ActiveCfg = Release|Any CPU
		{9DA97D96-03B0-4E3F-A60F-38B4FC3C09BE}.Release|Any CPU.Build.0 = Release|Any CPU
		{DC9E8205-9433-4877-ACE0-491CABDC241E}.Debug|Any CPU.ActiveCfg = Debug|Any CPU
		{DC9E8205-9433-4877-ACE0-491CABDC241E}.Debug|Any CPU.Build.0 = Debug|Any CPU
		{DC9E8205-9433-4877-ACE0-491CABDC241E}.Release|Any CPU.ActiveCfg = Release|Any CPU
		{DC9E8205-9433-4877-ACE0-491CABDC241E}.Release|Any CPU.Build.0 = Release|Any CPU
		{6BB47F84-70FB-4B04-9A6D-6A3407AC3C91}.Debug|Any CPU.ActiveCfg = Debug|Any CPU
		{6BB47F84-70FB-4B04-9A6D-6A3407AC3C91}.Debug|Any CPU.Build.0 = Debug|Any CPU
		{6BB47F84-70FB-4B04-9A6D-6A3407AC3C91}.Release|Any CPU.ActiveCfg = Release|Any CPU
		{6BB47F84-70FB-4B04-9A6D-6A3407AC3C91}.Release|Any CPU.Build.0 = Release|Any CPU
	EndGlobalSection
	GlobalSection(SolutionProperties) = preSolution
		HideSolutionNode = FALSE
	EndGlobalSection
	GlobalSection(ExtensibilityGlobals) = postSolution
		SolutionGuid = {C6000B13-A76F-4782-94B3-62A13978825A}
	EndGlobalSection
EndGlobal
